// !$*UTF8*$!
{
	archiveVersion = 1;
	classes = {
	};
	objectVersion = 55;
	objects = {

/* Begin PBXBuildFile section */
		8102192427B5C2100072A4C7 /* AlamofireImage in Frameworks */ = {isa = PBXBuildFile; productRef = 8102192327B5C2100072A4C7 /* AlamofireImage */; };
		8190521627B09D17005F2B66 /* AppDelegate.swift in Sources */ = {isa = PBXBuildFile; fileRef = 8190521527B09D17005F2B66 /* AppDelegate.swift */; };
		8190521827B09D17005F2B66 /* SceneDelegate.swift in Sources */ = {isa = PBXBuildFile; fileRef = 8190521727B09D17005F2B66 /* SceneDelegate.swift */; };
		8190521A27B09D17005F2B66 /* ViewController.swift in Sources */ = {isa = PBXBuildFile; fileRef = 8190521927B09D17005F2B66 /* ViewController.swift */; };
		8190521D27B09D17005F2B66 /* Main.storyboard in Resources */ = {isa = PBXBuildFile; fileRef = 8190521B27B09D17005F2B66 /* Main.storyboard */; };
		8190521F27B09D18005F2B66 /* Assets.xcassets in Resources */ = {isa = PBXBuildFile; fileRef = 8190521E27B09D18005F2B66 /* Assets.xcassets */; };
		8190522227B09D18005F2B66 /* LaunchScreen.storyboard in Resources */ = {isa = PBXBuildFile; fileRef = 8190522027B09D18005F2B66 /* LaunchScreen.storyboard */; };
		8190522D27B09D18005F2B66 /* FlixTests.swift in Sources */ = {isa = PBXBuildFile; fileRef = 8190522C27B09D18005F2B66 /* FlixTests.swift */; };
		8190523727B09D18005F2B66 /* FlixUITests.swift in Sources */ = {isa = PBXBuildFile; fileRef = 8190523627B09D18005F2B66 /* FlixUITests.swift */; };
		8190523927B09D18005F2B66 /* FlixUITestsLaunchTests.swift in Sources */ = {isa = PBXBuildFile; fileRef = 8190523827B09D18005F2B66 /* FlixUITestsLaunchTests.swift */; };
		8190524627B0B73F005F2B66 /* MovieCellTableViewCell.swift in Sources */ = {isa = PBXBuildFile; fileRef = 8190524527B0B73F005F2B66 /* MovieCellTableViewCell.swift */; };
/* End PBXBuildFile section */

/* Begin PBXContainerItemProxy section */
		8190522927B09D18005F2B66 /* PBXContainerItemProxy */ = {
			isa = PBXContainerItemProxy;
			containerPortal = 8190520A27B09D17005F2B66 /* Project object */;
			proxyType = 1;
			remoteGlobalIDString = 8190521127B09D17005F2B66;
			remoteInfo = Flix;
		};
		8190523327B09D18005F2B66 /* PBXContainerItemProxy */ = {
			isa = PBXContainerItemProxy;
			containerPortal = 8190520A27B09D17005F2B66 /* Project object */;
			proxyType = 1;
			remoteGlobalIDString = 8190521127B09D17005F2B66;
			remoteInfo = Flix;
		};
/* End PBXContainerItemProxy section */

/* Begin PBXFileReference section */
		8190521227B09D17005F2B66 /* Flix.app */ = {isa = PBXFileReference; explicitFileType = wrapper.application; includeInIndex = 0; path = Flix.app; sourceTree = BUILT_PRODUCTS_DIR; };
		8190521527B09D17005F2B66 /* AppDelegate.swift */ = {isa = PBXFileReference; lastKnownFileType = sourcecode.swift; path = AppDelegate.swift; sourceTree = "<group>"; };
		8190521727B09D17005F2B66 /* SceneDelegate.swift */ = {isa = PBXFileReference; lastKnownFileType = sourcecode.swift; path = SceneDelegate.swift; sourceTree = "<group>"; };
		8190521927B09D17005F2B66 /* ViewController.swift */ = {isa = PBXFileReference; lastKnownFileType = sourcecode.swift; path = ViewController.swift; sourceTree = "<group>"; };
		8190521C27B09D17005F2B66 /* Base */ = {isa = PBXFileReference; lastKnownFileType = file.storyboard; name = Base; path = Base.lproj/Main.storyboard; sourceTree = "<group>"; };
		8190521E27B09D18005F2B66 /* Assets.xcassets */ = {isa = PBXFileReference; lastKnownFileType = folder.assetcatalog; path = Assets.xcassets; sourceTree = "<group>"; };
		8190522127B09D18005F2B66 /* Base */ = {isa = PBXFileReference; lastKnownFileType = file.storyboard; name = Base; path = Base.lproj/LaunchScreen.storyboard; sourceTree = "<group>"; };
		8190522327B09D18005F2B66 /* Info.plist */ = {isa = PBXFileReference; lastKnownFileType = text.plist.xml; path = Info.plist; sourceTree = "<group>"; };
		8190522827B09D18005F2B66 /* FlixTests.xctest */ = {isa = PBXFileReference; explicitFileType = wrapper.cfbundle; includeInIndex = 0; path = FlixTests.xctest; sourceTree = BUILT_PRODUCTS_DIR; };
		8190522C27B09D18005F2B66 /* FlixTests.swift */ = {isa = PBXFileReference; lastKnownFileType = sourcecode.swift; path = FlixTests.swift; sourceTree = "<group>"; };
		8190523227B09D18005F2B66 /* FlixUITests.xctest */ = {isa = PBXFileReference; explicitFileType = wrapper.cfbundle; includeInIndex = 0; path = FlixUITests.xctest; sourceTree = BUILT_PRODUCTS_DIR; };
		8190523627B09D18005F2B66 /* FlixUITests.swift */ = {isa = PBXFileReference; lastKnownFileType = sourcecode.swift; path = FlixUITests.swift; sourceTree = "<group>"; };
		8190523827B09D18005F2B66 /* FlixUITestsLaunchTests.swift */ = {isa = PBXFileReference; lastKnownFileType = sourcecode.swift; path = FlixUITestsLaunchTests.swift; sourceTree = "<group>"; };
		8190524527B0B73F005F2B66 /* MovieCellTableViewCell.swift */ = {isa = PBXFileReference; lastKnownFileType = sourcecode.swift; path = MovieCellTableViewCell.swift; sourceTree = "<group>"; };
/* End PBXFileReference section */

/* Begin PBXFrameworksBuildPhase section */
		8190520F27B09D17005F2B66 /* Frameworks */ = {
			isa = PBXFrameworksBuildPhase;
			buildActionMask = 2147483647;
			files = (
				8102192427B5C2100072A4C7 /* AlamofireImage in Frameworks */,
			);
			runOnlyForDeploymentPostprocessing = 0;
		};
		8190522527B09D18005F2B66 /* Frameworks */ = {
			isa = PBXFrameworksBuildPhase;
			buildActionMask = 2147483647;
			files = (
			);
			runOnlyForDeploymentPostprocessing = 0;
		};
		8190522F27B09D18005F2B66 /* Frameworks */ = {
			isa = PBXFrameworksBuildPhase;
			buildActionMask = 2147483647;
			files = (
			);
			runOnlyForDeploymentPostprocessing = 0;
		};
/* End PBXFrameworksBuildPhase section */

/* Begin PBXGroup section */
		8190520927B09D17005F2B66 = {
			isa = PBXGroup;
			children = (
				8190521427B09D17005F2B66 /* Flix */,
				8190522B27B09D18005F2B66 /* FlixTests */,
				8190523527B09D18005F2B66 /* FlixUITests */,
				8190521327B09D17005F2B66 /* Products */,
			);
			sourceTree = "<group>";
		};
		8190521327B09D17005F2B66 /* Products */ = {
			isa = PBXGroup;
			children = (
				8190521227B09D17005F2B66 /* Flix.app */,
				8190522827B09D18005F2B66 /* FlixTests.xctest */,
				8190523227B09D18005F2B66 /* FlixUITests.xctest */,
			);
			name = Products;
			sourceTree = "<group>";
		};
		8190521427B09D17005F2B66 /* Flix */ = {
			isa = PBXGroup;
			children = (
				8190521527B09D17005F2B66 /* AppDelegate.swift */,
				8190521727B09D17005F2B66 /* SceneDelegate.swift */,
				8190521927B09D17005F2B66 /* ViewController.swift */,
				8190521B27B09D17005F2B66 /* Main.storyboard */,
				8190524527B0B73F005F2B66 /* MovieCellTableViewCell.swift */,
				8190521E27B09D18005F2B66 /* Assets.xcassets */,
				8190522027B09D18005F2B66 /* LaunchScreen.storyboard */,
				8190522327B09D18005F2B66 /* Info.plist */,
			);
			path = Flix;
			sourceTree = "<group>";
		};
		8190522B27B09D18005F2B66 /* FlixTests */ = {
			isa = PBXGroup;
			children = (
				8190522C27B09D18005F2B66 /* FlixTests.swift */,
			);
			path = FlixTests;
			sourceTree = "<group>";
		};
		8190523527B09D18005F2B66 /* FlixUITests */ = {
			isa = PBXGroup;
			children = (
				8190523627B09D18005F2B66 /* FlixUITests.swift */,
				8190523827B09D18005F2B66 /* FlixUITestsLaunchTests.swift */,
			);
			path = FlixUITests;
			sourceTree = "<group>";
		};
/* End PBXGroup section */

/* Begin PBXNativeTarget section */
		8190521127B09D17005F2B66 /* Flix */ = {
			isa = PBXNativeTarget;
			buildConfigurationList = 8190523C27B09D18005F2B66 /* Build configuration list for PBXNativeTarget "Flix" */;
			buildPhases = (
				8190520E27B09D17005F2B66 /* Sources */,
				8190520F27B09D17005F2B66 /* Frameworks */,
				8190521027B09D17005F2B66 /* Resources */,
			);
			buildRules = (
			);
			dependencies = (
			);
			name = Flix;
			packageProductDependencies = (
				8102192327B5C2100072A4C7 /* AlamofireImage */,
			);
			productName = Flix;
			productReference = 8190521227B09D17005F2B66 /* Flix.app */;
			productType = "com.apple.product-type.application";
		};
		8190522727B09D18005F2B66 /* FlixTests */ = {
			isa = PBXNativeTarget;
			buildConfigurationList = 8190523F27B09D18005F2B66 /* Build configuration list for PBXNativeTarget "FlixTests" */;
			buildPhases = (
				8190522427B09D18005F2B66 /* Sources */,
				8190522527B09D18005F2B66 /* Frameworks */,
				8190522627B09D18005F2B66 /* Resources */,
			);
			buildRules = (
			);
			dependencies = (
				8190522A27B09D18005F2B66 /* PBXTargetDependency */,
			);
			name = FlixTests;
			productName = FlixTests;
			productReference = 8190522827B09D18005F2B66 /* FlixTests.xctest */;
			productType = "com.apple.product-type.bundle.unit-test";
		};
		8190523127B09D18005F2B66 /* FlixUITests */ = {
			isa = PBXNativeTarget;
			buildConfigurationList = 8190524227B09D18005F2B66 /* Build configuration list for PBXNativeTarget "FlixUITests" */;
			buildPhases = (
				8190522E27B09D18005F2B66 /* Sources */,
				8190522F27B09D18005F2B66 /* Frameworks */,
				8190523027B09D18005F2B66 /* Resources */,
			);
			buildRules = (
			);
			dependencies = (
				8190523427B09D18005F2B66 /* PBXTargetDependency */,
			);
			name = FlixUITests;
			productName = FlixUITests;
			productReference = 8190523227B09D18005F2B66 /* FlixUITests.xctest */;
			productType = "com.apple.product-type.bundle.ui-testing";
		};
/* End PBXNativeTarget section */

/* Begin PBXProject section */
		8190520A27B09D17005F2B66 /* Project object */ = {
			isa = PBXProject;
			attributes = {
				BuildIndependentTargetsInParallel = 1;
				LastSwiftUpdateCheck = 1320;
				LastUpgradeCheck = 1320;
				TargetAttributes = {
					8190521127B09D17005F2B66 = {
						CreatedOnToolsVersion = 13.2.1;
					};
					8190522727B09D18005F2B66 = {
						CreatedOnToolsVersion = 13.2.1;
						TestTargetID = 8190521127B09D17005F2B66;
					};
					8190523127B09D18005F2B66 = {
						CreatedOnToolsVersion = 13.2.1;
						TestTargetID = 8190521127B09D17005F2B66;
					};
				};
			};
			buildConfigurationList = 8190520D27B09D17005F2B66 /* Build configuration list for PBXProject "Flix" */;
			compatibilityVersion = "Xcode 13.0";
			developmentRegion = en;
			hasScannedForEncodings = 0;
			knownRegions = (
				en,
				Base,
			);
			mainGroup = 8190520927B09D17005F2B66;
			packageReferences = (
				8102192227B5C2100072A4C7 /* XCRemoteSwiftPackageReference "AlamofireImage" */,
			);
			productRefGroup = 8190521327B09D17005F2B66 /* Products */;
			projectDirPath = "";
			projectRoot = "";
			targets = (
				8190521127B09D17005F2B66 /* Flix */,
				8190522727B09D18005F2B66 /* FlixTests */,
				8190523127B09D18005F2B66 /* FlixUITests */,
			);
		};
/* End PBXProject section */

/* Begin PBXResourcesBuildPhase section */
		8190521027B09D17005F2B66 /* Resources */ = {
			isa = PBXResourcesBuildPhase;
			buildActionMask = 2147483647;
			files = (
				8190522227B09D18005F2B66 /* LaunchScreen.storyboard in Resources */,
				8190521F27B09D18005F2B66 /* Assets.xcassets in Resources */,
				8190521D27B09D17005F2B66 /* Main.storyboard in Resources */,
			);
			runOnlyForDeploymentPostprocessing = 0;
		};
		8190522627B09D18005F2B66 /* Resources */ = {
			isa = PBXResourcesBuildPhase;
			buildActionMask = 2147483647;
			files = (
			);
			runOnlyForDeploymentPostprocessing = 0;
		};
		8190523027B09D18005F2B66 /* Resources */ = {
			isa = PBXResourcesBuildPhase;
			buildActionMask = 2147483647;
			files = (
			);
			runOnlyForDeploymentPostprocessing = 0;
		};
/* End PBXResourcesBuildPhase section */

/* Begin PBXSourcesBuildPhase section */
		8190520E27B09D17005F2B66 /* Sources */ = {
			isa = PBXSourcesBuildPhase;
			buildActionMask = 2147483647;
			files = (
				8190521A27B09D17005F2B66 /* ViewController.swift in Sources */,
				8190521627B09D17005F2B66 /* AppDelegate.swift in Sources */,
				8190524627B0B73F005F2B66 /* MovieCellTableViewCell.swift in Sources */,
				8190521827B09D17005F2B66 /* SceneDelegate.swift in Sources */,
			);
			runOnlyForDeploymentPostprocessing = 0;
		};
		8190522427B09D18005F2B66 /* Sources */ = {
			isa = PBXSourcesBuildPhase;
			buildActionMask = 2147483647;
			files = (
				8190522D27B09D18005F2B66 /* FlixTests.swift in Sources */,
			);
			runOnlyForDeploymentPostprocessing = 0;
		};
		8190522E27B09D18005F2B66 /* Sources */ = {
			isa = PBXSourcesBuildPhase;
			buildActionMask = 2147483647;
			files = (
				8190523727B09D18005F2B66 /* FlixUITests.swift in Sources */,
				8190523927B09D18005F2B66 /* FlixUITestsLaunchTests.swift in Sources */,
			);
			runOnlyForDeploymentPostprocessing = 0;
		};
/* End PBXSourcesBuildPhase section */

/* Begin PBXTargetDependency section */
		8190522A27B09D18005F2B66 /* PBXTargetDependency */ = {
			isa = PBXTargetDependency;
			target = 8190521127B09D17005F2B66 /* Flix */;
			targetProxy = 8190522927B09D18005F2B66 /* PBXContainerItemProxy */;
		};
		8190523427B09D18005F2B66 /* PBXTargetDependency */ = {
			isa = PBXTargetDependency;
			target = 8190521127B09D17005F2B66 /* Flix */;
			targetProxy = 8190523327B09D18005F2B66 /* PBXContainerItemProxy */;
		};
/* End PBXTargetDependency section */

/* Begin PBXVariantGroup section */
		8190521B27B09D17005F2B66 /* Main.storyboard */ = {
			isa = PBXVariantGroup;
			children = (
				8190521C27B09D17005F2B66 /* Base */,
			);
			name = Main.storyboard;
			sourceTree = "<group>";
		};
		8190522027B09D18005F2B66 /* LaunchScreen.storyboard */ = {
			isa = PBXVariantGroup;
			children = (
				8190522127B09D18005F2B66 /* Base */,
			);
			name = LaunchScreen.storyboard;
			sourceTree = "<group>";
		};
/* End PBXVariantGroup section */

/* Begin XCBuildConfiguration section */
		8190523A27B09D18005F2B66 /* Debug */ = {
			isa = XCBuildConfiguration;
			buildSettings = {
				ALWAYS_SEARCH_USER_PATHS = NO;
				CLANG_ANALYZER_NONNULL = YES;
				CLANG_ANALYZER_NUMBER_OBJECT_CONVERSION = YES_AGGRESSIVE;
				CLANG_CXX_LANGUAGE_STANDARD = "gnu++17";
				CLANG_CXX_LIBRARY = "libc++";
				CLANG_ENABLE_MODULES = YES;
				CLANG_ENABLE_OBJC_ARC = YES;
				CLANG_ENABLE_OBJC_WEAK = YES;
				CLANG_WARN_BLOCK_CAPTURE_AUTORELEASING = YES;
				CLANG_WARN_BOOL_CONVERSION = YES;
				CLANG_WARN_COMMA = YES;
				CLANG_WARN_CONSTANT_CONVERSION = YES;
				CLANG_WARN_DEPRECATED_OBJC_IMPLEMENTATIONS = YES;
				CLANG_WARN_DIRECT_OBJC_ISA_USAGE = YES_ERROR;
				CLANG_WARN_DOCUMENTATION_COMMENTS = YES;
				CLANG_WARN_EMPTY_BODY = YES;
				CLANG_WARN_ENUM_CONVERSION = YES;
				CLANG_WARN_INFINITE_RECURSION = YES;
				CLANG_WARN_INT_CONVERSION = YES;
				CLANG_WARN_NON_LITERAL_NULL_CONVERSION = YES;
				CLANG_WARN_OBJC_IMPLICIT_RETAIN_SELF = YES;
				CLANG_WARN_OBJC_LITERAL_CONVERSION = YES;
				CLANG_WARN_OBJC_ROOT_CLASS = YES_ERROR;
				CLANG_WARN_QUOTED_INCLUDE_IN_FRAMEWORK_HEADER = YES;
				CLANG_WARN_RANGE_LOOP_ANALYSIS = YES;
				CLANG_WARN_STRICT_PROTOTYPES = YES;
				CLANG_WARN_SUSPICIOUS_MOVE = YES;
				CLANG_WARN_UNGUARDED_AVAILABILITY = YES_AGGRESSIVE;
				CLANG_WARN_UNREACHABLE_CODE = YES;
				CLANG_WARN__DUPLICATE_METHOD_MATCH = YES;
				COPY_PHASE_STRIP = NO;
				DEBUG_INFORMATION_FORMAT = dwarf;
				ENABLE_STRICT_OBJC_MSGSEND = YES;
				ENABLE_TESTABILITY = YES;
				GCC_C_LANGUAGE_STANDARD = gnu11;
				GCC_DYNAMIC_NO_PIC = NO;
				GCC_NO_COMMON_BLOCKS = YES;
				GCC_OPTIMIZATION_LEVEL = 0;
				GCC_PREPROCESSOR_DEFINITIONS = (
					"DEBUG=1",
					"$(inherited)",
				);
				GCC_WARN_64_TO_32_BIT_CONVERSION = YES;
				GCC_WARN_ABOUT_RETURN_TYPE = YES_ERROR;
				GCC_WARN_UNDECLARED_SELECTOR = YES;
				GCC_WARN_UNINITIALIZED_AUTOS = YES_AGGRESSIVE;
				GCC_WARN_UNUSED_FUNCTION = YES;
				GCC_WARN_UNUSED_VARIABLE = YES;
				IPHONEOS_DEPLOYMENT_TARGET = 15.2;
				MTL_ENABLE_DEBUG_INFO = INCLUDE_SOURCE;
				MTL_FAST_MATH = YES;
				ONLY_ACTIVE_ARCH = YES;
				SDKROOT = iphoneos;
				SWIFT_ACTIVE_COMPILATION_CONDITIONS = DEBUG;
				SWIFT_OPTIMIZATION_LEVEL = "-Onone";
			};
			name = Debug;
		};
		8190523B27B09D18005F2B66 /* Release */ = {
			isa = XCBuildConfiguration;
			buildSettings = {
				ALWAYS_SEARCH_USER_PATHS = NO;
				CLANG_ANALYZER_NONNULL = YES;
				CLANG_ANALYZER_NUMBER_OBJECT_CONVERSION = YES_AGGRESSIVE;
				CLANG_CXX_LANGUAGE_STANDARD = "gnu++17";
				CLANG_CXX_LIBRARY = "libc++";
				CLANG_ENABLE_MODULES = YES;
				CLANG_ENABLE_OBJC_ARC = YES;
				CLANG_ENABLE_OBJC_WEAK = YES;
				CLANG_WARN_BLOCK_CAPTURE_AUTORELEASING = YES;
				CLANG_WARN_BOOL_CONVERSION = YES;
				CLANG_WARN_COMMA = YES;
				CLANG_WARN_CONSTANT_CONVERSION = YES;
				CLANG_WARN_DEPRECATED_OBJC_IMPLEMENTATIONS = YES;
				CLANG_WARN_DIRECT_OBJC_ISA_USAGE = YES_ERROR;
				CLANG_WARN_DOCUMENTATION_COMMENTS = YES;
				CLANG_WARN_EMPTY_BODY = YES;
				CLANG_WARN_ENUM_CONVERSION = YES;
				CLANG_WARN_INFINITE_RECURSION = YES;
				CLANG_WARN_INT_CONVERSION = YES;
				CLANG_WARN_NON_LITERAL_NULL_CONVERSION = YES;
				CLANG_WARN_OBJC_IMPLICIT_RETAIN_SELF = YES;
				CLANG_WARN_OBJC_LITERAL_CONVERSION = YES;
				CLANG_WARN_OBJC_ROOT_CLASS = YES_ERROR;
				CLANG_WARN_QUOTED_INCLUDE_IN_FRAMEWORK_HEADER = YES;
				CLANG_WARN_RANGE_LOOP_ANALYSIS = YES;
				CLANG_WARN_STRICT_PROTOTYPES = YES;
				CLANG_WARN_SUSPICIOUS_MOVE = YES;
				CLANG_WARN_UNGUARDED_AVAILABILITY = YES_AGGRESSIVE;
				CLANG_WARN_UNREACHABLE_CODE = YES;
				CLANG_WARN__DUPLICATE_METHOD_MATCH = YES;
				COPY_PHASE_STRIP = NO;
				DEBUG_INFORMATION_FORMAT = "dwarf-with-dsym";
				ENABLE_NS_ASSERTIONS = NO;
				ENABLE_STRICT_OBJC_MSGSEND = YES;
				GCC_C_LANGUAGE_STANDARD = gnu11;
				GCC_NO_COMMON_BLOCKS = YES;
				GCC_WARN_64_TO_32_BIT_CONVERSION = YES;
				GCC_WARN_ABOUT_RETURN_TYPE = YES_ERROR;
				GCC_WARN_UNDECLARED_SELECTOR = YES;
				GCC_WARN_UNINITIALIZED_AUTOS = YES_AGGRESSIVE;
				GCC_WARN_UNUSED_FUNCTION = YES;
				GCC_WARN_UNUSED_VARIABLE = YES;
				IPHONEOS_DEPLOYMENT_TARGET = 15.2;
				MTL_ENABLE_DEBUG_INFO = NO;
				MTL_FAST_MATH = YES;
				SDKROOT = iphoneos;
				SWIFT_COMPILATION_MODE = wholemodule;
				SWIFT_OPTIMIZATION_LEVEL = "-O";
				VALIDATE_PRODUCT = YES;
			};
			name = Release;
		};
		8190523D27B09D18005F2B66 /* Debug */ = {
			isa = XCBuildConfiguration;
			buildSettings = {
				ASSETCATALOG_COMPILER_APPICON_NAME = AppIcon;
				ASSETCATALOG_COMPILER_GLOBAL_ACCENT_COLOR_NAME = AccentColor;
				CODE_SIGN_STYLE = Automatic;
				CURRENT_PROJECT_VERSION = 1;
				DEVELOPMENT_TEAM = 652B33TQQ5;
				GENERATE_INFOPLIST_FILE = YES;
				INFOPLIST_FILE = Flix/Info.plist;
				INFOPLIST_KEY_UIApplicationSupportsIndirectInputEvents = YES;
				INFOPLIST_KEY_UILaunchStoryboardName = LaunchScreen;
				INFOPLIST_KEY_UIMainStoryboardFile = Main;
				INFOPLIST_KEY_UISupportedInterfaceOrientations_iPad = "UIInterfaceOrientationPortrait UIInterfaceOrientationPortraitUpsideDown UIInterfaceOrientationLandscapeLeft UIInterfaceOrientationLandscapeRight";
				INFOPLIST_KEY_UISupportedInterfaceOrientations_iPhone = "UIInterfaceOrientationPortrait UIInterfaceOrientationLandscapeLeft UIInterfaceOrientationLandscapeRight";
				LD_RUNPATH_SEARCH_PATHS = (
					"$(inherited)",
					"@executable_path/Frameworks",
				);
				MARKETING_VERSION = 1.0;
				PRODUCT_BUNDLE_IDENTIFIER = angelmoreta.com.Flix;
				PRODUCT_NAME = "$(TARGET_NAME)";
				SWIFT_EMIT_LOC_STRINGS = YES;
				SWIFT_VERSION = 5.0;
				TARGETED_DEVICE_FAMILY = "1,2";
			};
			name = Debug;
		};
		8190523E27B09D18005F2B66 /* Release */ = {
			isa = XCBuildConfiguration;
			buildSettings = {
				ASSETCATALOG_COMPILER_APPICON_NAME = AppIcon;
				ASSETCATALOG_COMPILER_GLOBAL_ACCENT_COLOR_NAME = AccentColor;
				CODE_SIGN_STYLE = Automatic;
				CURRENT_PROJECT_VERSION = 1;
				DEVELOPMENT_TEAM = 652B33TQQ5;
				GENERATE_INFOPLIST_FILE = YES;
				INFOPLIST_FILE = Flix/Info.plist;
				INFOPLIST_KEY_UIApplicationSupportsIndirectInputEvents = YES;
				INFOPLIST_KEY_UILaunchStoryboardName = LaunchScreen;
				INFOPLIST_KEY_UIMainStoryboardFile = Main;
				INFOPLIST_KEY_UISupportedInterfaceOrientations_iPad = "UIInterfaceOrientationPortrait UIInterfaceOrientationPortraitUpsideDown UIInterfaceOrientationLandscapeLeft UIInterfaceOrientationLandscapeRight";
				INFOPLIST_KEY_UISupportedInterfaceOrientations_iPhone = "UIInterfaceOrientationPortrait UIInterfaceOrientationLandscapeLeft UIInterfaceOrientationLandscapeRight";
				LD_RUNPATH_SEARCH_PATHS = (
					"$(inherited)",
					"@executable_path/Frameworks",
				);
				MARKETING_VERSION = 1.0;
				PRODUCT_BUNDLE_IDENTIFIER = angelmoreta.com.Flix;
				PRODUCT_NAME = "$(TARGET_NAME)";
				SWIFT_EMIT_LOC_STRINGS = YES;
				SWIFT_VERSION = 5.0;
				TARGETED_DEVICE_FAMILY = "1,2";
			};
			name = Release;
		};
		8190524027B09D18005F2B66 /* Debug */ = {
			isa = XCBuildConfiguration;
			buildSettings = {
				ALWAYS_EMBED_SWIFT_STANDARD_LIBRARIES = YES;
				BUNDLE_LOADER = "$(TEST_HOST)";
				CODE_SIGN_STYLE = Automatic;
				CURRENT_PROJECT_VERSION = 1;
				DEVELOPMENT_TEAM = 652B33TQQ5;
				GENERATE_INFOPLIST_FILE = YES;
				IPHONEOS_DEPLOYMENT_TARGET = 15.2;
				MARKETING_VERSION = 1.0;
				PRODUCT_BUNDLE_IDENTIFIER = angelmoreta.com.FlixTests;
				PRODUCT_NAME = "$(TARGET_NAME)";
				SWIFT_EMIT_LOC_STRINGS = NO;
				SWIFT_VERSION = 5.0;
				TARGETED_DEVICE_FAMILY = "1,2";
				TEST_HOST = "$(BUILT_PRODUCTS_DIR)/Flix.app/Flix";
			};
			name = Debug;
		};
		8190524127B09D18005F2B66 /* Release */ = {
			isa = XCBuildConfiguration;
			buildSettings = {
				ALWAYS_EMBED_SWIFT_STANDARD_LIBRARIES = YES;
				BUNDLE_LOADER = "$(TEST_HOST)";
				CODE_SIGN_STYLE = Automatic;
				CURRENT_PROJECT_VERSION = 1;
				DEVELOPMENT_TEAM = 652B33TQQ5;
				GENERATE_INFOPLIST_FILE = YES;
				IPHONEOS_DEPLOYMENT_TARGET = 15.2;
				MARKETING_VERSION = 1.0;
				PRODUCT_BUNDLE_IDENTIFIER = angelmoreta.com.FlixTests;
				PRODUCT_NAME = "$(TARGET_NAME)";
				SWIFT_EMIT_LOC_STRINGS = NO;
				SWIFT_VERSION = 5.0;
				TARGETED_DEVICE_FAMILY = "1,2";
				TEST_HOST = "$(BUILT_PRODUCTS_DIR)/Flix.app/Flix";
			};
			name = Release;
		};
		8190524327B09D18005F2B66 /* Debug */ = {
			isa = XCBuildConfiguration;
			buildSettings = {
				ALWAYS_EMBED_SWIFT_STANDARD_LIBRARIES = YES;
				CODE_SIGN_STYLE = Automatic;
				CURRENT_PROJECT_VERSION = 1;
				DEVELOPMENT_TEAM = 652B33TQQ5;
				GENERATE_INFOPLIST_FILE = YES;
				MARKETING_VERSION = 1.0;
				PRODUCT_BUNDLE_IDENTIFIER = angelmoreta.com.FlixUITests;
				PRODUCT_NAME = "$(TARGET_NAME)";
				SWIFT_EMIT_LOC_STRINGS = NO;
				SWIFT_VERSION = 5.0;
				TARGETED_DEVICE_FAMILY = "1,2";
				TEST_TARGET_NAME = Flix;
			};
			name = Debug;
		};
		8190524427B09D18005F2B66 /* Release */ = {
			isa = XCBuildConfiguration;
			buildSettings = {
				ALWAYS_EMBED_SWIFT_STANDARD_LIBRARIES = YES;
				CODE_SIGN_STYLE = Automatic;
				CURRENT_PROJECT_VERSION = 1;
				DEVELOPMENT_TEAM = 652B33TQQ5;
				GENERATE_INFOPLIST_FILE = YES;
				MARKETING_VERSION = 1.0;
				PRODUCT_BUNDLE_IDENTIFIER = angelmoreta.com.FlixUITests;
				PRODUCT_NAME = "$(TARGET_NAME)";
				SWIFT_EMIT_LOC_STRINGS = NO;
				SWIFT_VERSION = 5.0;
				TARGETED_DEVICE_FAMILY = "1,2";
				TEST_TARGET_NAME = Flix;
			};
			name = Release;
		};
/* End XCBuildConfiguration section */

/* Begin XCConfigurationList section */
		8190520D27B09D17005F2B66 /* Build configuration list for PBXProject "Flix" */ = {
			isa = XCConfigurationList;
			buildConfigurations = (
				8190523A27B09D18005F2B66 /* Debug */,
				8190523B27B09D18005F2B66 /* Release */,
			);
			defaultConfigurationIsVisible = 0;
			defaultConfigurationName = Release;
		};
		8190523C27B09D18005F2B66 /* Build configuration list for PBXNativeTarget "Flix" */ = {
			isa = XCConfigurationList;
			buildConfigurations = (
				8190523D27B09D18005F2B66 /* Debug */,
				8190523E27B09D18005F2B66 /* Release */,
			);
			defaultConfigurationIsVisible = 0;
			defaultConfigurationName = Release;
		};
		8190523F27B09D18005F2B66 /* Build configuration list for PBXNativeTarget "FlixTests" */ = {
			isa = XCConfigurationList;
			buildConfigurations = (
				8190524027B09D18005F2B66 /* Debug */,
				8190524127B09D18005F2B66 /* Release */,
			);
			defaultConfigurationIsVisible = 0;
			defaultConfigurationName = Release;
		};
		8190524227B09D18005F2B66 /* Build configuration list for PBXNativeTarget "FlixUITests" */ = {
			isa = XCConfigurationList;
			buildConfigurations = (
				8190524327B09D18005F2B66 /* Debug */,
				8190524427B09D18005F2B66 /* Release */,
			);
			defaultConfigurationIsVisible = 0;
			defaultConfigurationName = Release;
		};
/* End XCConfigurationList section */

/* Begin XCRemoteSwiftPackageReference section */
		8102192227B5C2100072A4C7 /* XCRemoteSwiftPackageReference "AlamofireImage" */ = {
			isa = XCRemoteSwiftPackageReference;
			repositoryURL = "https://github.com/Alamofire/AlamofireImage";
			requirement = {
				kind = upToNextMajorVersion;
				minimumVersion = 4.0.0;
			};
		};
/* End XCRemoteSwiftPackageReference section */

/* Begin XCSwiftPackageProductDependency section */
		8102192327B5C2100072A4C7 /* AlamofireImage */ = {
			isa = XCSwiftPackageProductDependency;
			package = 8102192227B5C2100072A4C7 /* XCRemoteSwiftPackageReference "AlamofireImage" */;
			productName = AlamofireImage;
		};
/* End XCSwiftPackageProductDependency section */
	};
	rootObject = 8190520A27B09D17005F2B66 /* Project object */;
}
